# This file is @generated by PDM.
# It is not intended for manual editing.

[metadata]
groups = ["default", "lint"]
strategy = ["cross_platform", "inherit_metadata"]
lock_version = "4.4.1"
content_hash = "sha256:b982e4030f539053d5b11a69a22eada2d2ddc2005c1b8e83800b5c5d2327141e"

[[package]]
name = "asgiref"
version = "3.7.2"
requires_python = ">=3.7"
summary = "ASGI specs, helper code, and adapters"
groups = ["default"]
files = [
    {file = "asgiref-3.7.2-py3-none-any.whl", hash = "sha256:89b2ef2247e3b562a16eef663bc0e2e703ec6468e2fa8a5cd61cd449786d4f6e"},
    {file = "asgiref-3.7.2.tar.gz", hash = "sha256:9e0ce3aa93a819ba5b45120216b23878cf6e8525eb3848653452b4192b92afed"},
]

[[package]]
name = "django"
version = "5.0.3"
requires_python = ">=3.10"
summary = "A high-level Python web framework that encourages rapid development and clean, pragmatic design."
groups = ["default"]
dependencies = [
    "asgiref<4,>=3.7.0",
    "sqlparse>=0.3.1",
    "tzdata; sys_platform == \"win32\"",
]
files = [
    {file = "Django-5.0.3-py3-none-any.whl", hash = "sha256:5c7d748ad113a81b2d44750ccc41edc14e933f56581683db548c9257e078cc83"},
    {file = "Django-5.0.3.tar.gz", hash = "sha256:5fb37580dcf4a262f9258c1f4373819aacca906431f505e4688e37f3a99195df"},
]

[[package]]
name = "django-admin"
version = "2.0.2"
summary = "Django Admin Extensions"
groups = ["default"]
dependencies = [
    "django-excel-response2>=3.0.0",
    "django-six",
]
files = [
    {file = "django-admin-2.0.2.tar.gz", hash = "sha256:43c9f94ca5ad498789c0282691931c609c8e26db61aeb49ae8ad90d15b80cb75"},
    {file = "django_admin-2.0.2-py2.py3-none-any.whl", hash = "sha256:a92f9fb21f63edabb5db9030f36b62c6c16a0187183e7e7de4142aee4472b70f"},
]

[[package]]
name = "django-excel-response2"
version = "3.0.6"
summary = "A function extends of Tarken's django-excel-response"
groups = ["default"]
dependencies = [
    "django-six>=1.0.4",
    "excel-base>=1.0.3",
]
files = [
    {file = "django-excel-response2-3.0.6.tar.gz", hash = "sha256:404b28818a262153559155239b719ba50e3c09484d638acdaadadfb309fc1b56"},
    {file = "django_excel_response2-3.0.6-py2.py3-none-any.whl", hash = "sha256:fe0c54207caf7efefcad689427bffad9209808e6102becb07967d5f8c92b82c7"},
]

[[package]]
name = "django-six"
version = "1.0.5"
summary = "Django-six —— Django Compatibility Library"
groups = ["default"]
files = [
    {file = "django-six-1.0.5.tar.gz", hash = "sha256:9ad505d101ac3ce5a59d22693fcf77b4b19764020e0c7edfe939d220cafbf3a9"},
    {file = "django_six-1.0.5-py2.py3-none-any.whl", hash = "sha256:50816cf52e16814dff58eacd4883d9e5a43be37e53dcbd99323d1139ff89f73b"},
]

[[package]]
name = "excel-base"
version = "1.0.4"
summary = "Excel Base"
groups = ["default"]
dependencies = [
    "TimeConvert>=1.5.3",
    "screen",
    "xlwt",
]
files = [
    {file = "excel-base-1.0.4.tar.gz", hash = "sha256:5b3f2ead44a1b35ed3099e127fc3de9d6eb453bba9acc1058af215e21b4ee20c"},
    {file = "excel_base-1.0.4-py2.py3-none-any.whl", hash = "sha256:3cdd3ef3366422eda12c7a72157053c8cbd06bcfe63a9280bc443ed21186372f"},
]

[[package]]
name = "isoweek"
version = "1.3.3"
summary = "Objects representing a week"
groups = ["default"]
files = [
    {file = "isoweek-1.3.3-py2.py3-none-any.whl", hash = "sha256:d3324c497d97f1534669de225ec877964222e4cc773a4a99063086f7a4e342b6"},
    {file = "isoweek-1.3.3.tar.gz", hash = "sha256:73f3f7bac443e05a3ab45c32a72048b0c4f26d53d81462ec4b142c7581d3ffe8"},
]

[[package]]
name = "python-dateutil"
version = "2.9.0.post0"
requires_python = "!=3.0.*,!=3.1.*,!=3.2.*,>=2.7"
summary = "Extensions to the standard Python datetime module"
groups = ["default"]
dependencies = [
    "six>=1.5",
]
files = [
    {file = "python-dateutil-2.9.0.post0.tar.gz", hash = "sha256:37dd54208da7e1cd875388217d5e00ebd4179249f90fb72437e91a35459a0ad3"},
    {file = "python_dateutil-2.9.0.post0-py2.py3-none-any.whl", hash = "sha256:a8b2bc7bffae282281c8140a97d3aa9c14da0b136dfe83f850eea9a5f7470427"},
]

[[package]]
name = "ruff"
version = "0.3.1"
requires_python = ">=3.7"
summary = "An extremely fast Python linter and code formatter, written in Rust."
groups = ["lint"]
files = [
    {file = "ruff-0.3.1-py3-none-macosx_10_12_x86_64.macosx_11_0_arm64.macosx_10_12_universal2.whl", hash = "sha256:6b82e3937d0d76554cd5796bc3342a7d40de44494d29ff490022d7a52c501744"},
    {file = "ruff-0.3.1-py3-none-macosx_10_12_x86_64.whl", hash = "sha256:ae7954c8f692b70e6a206087ae3988acc9295d84c550f8d90b66c62424c16771"},
    {file = "ruff-0.3.1-py3-none-manylinux_2_17_aarch64.manylinux2014_aarch64.whl", hash = "sha256:6b730f56ccf91225da0f06cfe421e83b8cc27b2a79393db9c3df02ed7e2bbc01"},
    {file = "ruff-0.3.1-py3-none-manylinux_2_17_armv7l.manylinux2014_armv7l.whl", hash = "sha256:c78bfa85637668f47bd82aa2ae17de2b34221ac23fea30926f6409f9e37fc927"},
    {file = "ruff-0.3.1-py3-none-manylinux_2_17_i686.manylinux2014_i686.whl", hash = "sha256:d6abaad602d6e6daaec444cbf4d9364df0a783e49604c21499f75bb92237d4af"},
    {file = "ruff-0.3.1-py3-none-manylinux_2_17_ppc64.manylinux2014_ppc64.whl", hash = "sha256:5f0c21b6914c3c9a25a59497cbb1e5b6c2d8d9beecc9b8e03ee986e24eee072e"},
    {file = "ruff-0.3.1-py3-none-manylinux_2_17_ppc64le.manylinux2014_ppc64le.whl", hash = "sha256:434c3fc72e6311c85cd143c4c448b0e60e025a9ac1781e63ba222579a8c29200"},
    {file = "ruff-0.3.1-py3-none-manylinux_2_17_s390x.manylinux2014_s390x.whl", hash = "sha256:78a7025e6312cbba496341da5062e7cdd47d95f45c1b903e635cdeb1ba5ec2b9"},
    {file = "ruff-0.3.1-py3-none-manylinux_2_17_x86_64.manylinux2014_x86_64.whl", hash = "sha256:52b02bb46f1a79b0c1fa93f6495bc7e77e4ef76e6c28995b4974a20ed09c0833"},
    {file = "ruff-0.3.1-py3-none-musllinux_1_2_aarch64.whl", hash = "sha256:11b5699c42f7d0b771c633d620f2cb22e727fb226273aba775a91784a9ed856c"},
    {file = "ruff-0.3.1-py3-none-musllinux_1_2_armv7l.whl", hash = "sha256:54e5dca3e411772b51194b3102b5f23b36961e8ede463776b289b78180df71a0"},
    {file = "ruff-0.3.1-py3-none-musllinux_1_2_i686.whl", hash = "sha256:951efb610c5844e668bbec4f71cf704f8645cf3106e13f283413969527ebfded"},
    {file = "ruff-0.3.1-py3-none-musllinux_1_2_x86_64.whl", hash = "sha256:09c7333b25e983aabcf6e38445252cff0b4745420fc3bda45b8fce791cc7e9ce"},
    {file = "ruff-0.3.1-py3-none-win32.whl", hash = "sha256:d937f9b99ebf346e0606c3faf43c1e297a62ad221d87ef682b5bdebe199e01f6"},
    {file = "ruff-0.3.1-py3-none-win_amd64.whl", hash = "sha256:c0318a512edc9f4e010bbaab588b5294e78c5cdc9b02c3d8ab2d77c7ae1903e3"},
    {file = "ruff-0.3.1-py3-none-win_arm64.whl", hash = "sha256:d3b60e44240f7e903e6dbae3139a65032ea4c6f2ad99b6265534ff1b83c20afa"},
    {file = "ruff-0.3.1.tar.gz", hash = "sha256:d30db97141fc2134299e6e983a6727922c9e03c031ae4883a6d69461de722ae7"},
]

[[package]]
name = "screen"
version = "1.0.1"
summary = "Screen width and so on"
groups = ["default"]
files = [
    {file = "screen-1.0.1.tar.gz", hash = "sha256:aebfe90de7b8a646d4f3c2b214bd6ffa2ab12ed9d0b14c08620d9c7f7b8ee670"},
]

[[package]]
name = "six"
version = "1.16.0"
requires_python = ">=2.7, !=3.0.*, !=3.1.*, !=3.2.*"
summary = "Python 2 and 3 compatibility utilities"
groups = ["default"]
files = [
    {file = "six-1.16.0-py2.py3-none-any.whl", hash = "sha256:8abb2f1d86890a2dfb989f9a77cfcfd3e47c2a354b01111771326f8aa26e0254"},
    {file = "six-1.16.0.tar.gz", hash = "sha256:1e61c37477a1626458e36f7b1d82aa5c9b094fa4802892072e49de9c60c4c926"},
]

[[package]]
name = "sqlparse"
version = "0.4.4"
requires_python = ">=3.5"
summary = "A non-validating SQL parser."
groups = ["default"]
files = [
    {file = "sqlparse-0.4.4-py3-none-any.whl", hash = "sha256:5430a4fe2ac7d0f93e66f1efc6e1338a41884b7ddf2a350cedd20ccc4d9d28f3"},
    {file = "sqlparse-0.4.4.tar.gz", hash = "sha256:d446183e84b8349fa3061f0fe7f06ca94ba65b426946ffebe6e3e8295332420c"},
]

[[package]]
name = "timeconvert"
version = "3.0.13"
requires_python = ">=3.5"
summary = "Time Convert for Humans™"
groups = ["default"]
dependencies = [
    "isoweek",
    "python-dateutil>=2.8.1",
    "tzlocal",
]
files = [
    {file = "TimeConvert-3.0.13-py2.py3-none-any.whl", hash = "sha256:9fa7f2eb43c17b8636171c98a8f599d9308b003395322f11cd4cdaba68cdc89a"},
    {file = "TimeConvert-3.0.13.tar.gz", hash = "sha256:1f4ca99a7e88afe6e19d2d7578078555288055e362f0d170a1e35a8dadf38f03"},
]

[[package]]
name = "tzdata"
version = "2024.1"
requires_python = ">=2"
summary = "Provider of IANA time zone data"
groups = ["default"]
marker = "sys_platform == \"win32\" or platform_system == \"Windows\""
files = [
    {file = "tzdata-2024.1-py2.py3-none-any.whl", hash = "sha256:9068bc196136463f5245e51efda838afa15aaeca9903f49050dfa2679db4d252"},
    {file = "tzdata-2024.1.tar.gz", hash = "sha256:2674120f8d891909751c38abcdfd386ac0a5a1127954fbc332af6b5ceae07efd"},
]

[[package]]
name = "tzlocal"
version = "5.2"
requires_python = ">=3.8"
summary = "tzinfo object for the local timezone"
groups = ["default"]
dependencies = [
    "tzdata; platform_system == \"Windows\"",
]
files = [
    {file = "tzlocal-5.2-py3-none-any.whl", hash = "sha256:49816ef2fe65ea8ac19d19aa7a1ae0551c834303d5014c6d5a62e4cbda8047b8"},
    {file = "tzlocal-5.2.tar.gz", hash = "sha256:8d399205578f1a9342816409cc1e46a93ebd5755e39ea2d85334bea911bf0e6e"},
]

[[package]]
name = "xlwt"
version = "1.3.0"
summary = "Library to create spreadsheet files compatible with MS Excel 97/2000/XP/2003 XLS files, on any platform, with Python 2.6, 2.7, 3.3+"
groups = ["default"]
files = [
    {file = "xlwt-1.3.0-py2.py3-none-any.whl", hash = "sha256:a082260524678ba48a297d922cc385f58278b8aa68741596a87de01a9c628b2e"},
    {file = "xlwt-1.3.0.tar.gz", hash = "sha256:c59912717a9b28f1a3c2a98fd60741014b06b043936dcecbc113eaaada156c88"},
]
